{
  "name": "unnamedcoolplatform",
  "lockfileVersion": 3,
  "requires": true,
  "packages": {
    "": {
      "workspaces": [
        "packages/libraries/utils",
        "packages/libraries/database",
        "packages/libraries/homie-client",
        "packages/libraries/homie-core",
        "packages/gateways/fronius",
        "packages/services/control",
        "packages/services/scribe"
      ],
      "devDependencies": {
        "@deepkit/type-compiler": "^1.0.15",
        "@types/node": "^24.3.0",
        "typescript": "^5.9.2"
      }
    },
    "node_modules/@deepkit/core": {
      "version": "1.0.19",
      "resolved": "https://registry.npmjs.org/@deepkit/core/-/core-1.0.19.tgz",
      "integrity": "sha512-3LArFqGpNXQpCcbQDbY22H52l/AC5Nv543d3bbIcb97khgIv1DBg5iWolClnrr5RhwFs9s3DdvaNd+UAbq9RBw==",
      "license": "MIT",
      "peer": true,
      "dependencies": {
        "dot-prop": "^5.1.1",
        "to-fast-properties": "^3.0.1"
      }
    },
    "node_modules/@deepkit/type": {
      "version": "1.0.19",
      "resolved": "https://registry.npmjs.org/@deepkit/type/-/type-1.0.19.tgz",
      "integrity": "sha512-AKy/cG+DU3/Dy+wZKy+B9LxIKWbSr0Jda/6zg761LNlUFqlpiX95QmNH6q7ngTl8QylSjytg4nS+hKSTxuNLSQ==",
      "license": "MIT",
      "dependencies": {
        "@deepkit/type-spec": "^1.0.19",
        "@types/uuid": "^8.3.0",
        "buffer": "^5.2.1",
        "uuid": "^8.3.2"
      },
      "peerDependencies": {
        "@deepkit/core": "^1.0.1"
      }
    },
    "node_modules/@deepkit/type-compiler": {
      "version": "1.0.19",
      "resolved": "https://registry.npmjs.org/@deepkit/type-compiler/-/type-compiler-1.0.19.tgz",
      "integrity": "sha512-fc6XMLa4s8x/v6mMpmF7TxFdt0WF/v8WVk+Pq5DL6m/Z62IIRoRyVJH54HihpMYYkEkQt1gBf1dA1tHQVVTsbg==",
      "dev": true,
      "hasInstallScript": true,
      "license": "MIT",
      "dependencies": {
        "@deepkit/type-spec": "^1.0.19",
        "@marcj/ts-clone-node": "^2.0.0",
        "@rollup/pluginutils": "^5.1.0",
        "@typescript/vfs": "1.5.0",
        "get-tsconfig": "^4.5.0",
        "lz-string": "^1.4.4",
        "micromatch": "^4.0.5",
        "strip-json-comments": "^3.1.1"
      },
      "bin": {
        "deepkit-compiler-debug": "deepkit-compiler-debug.js",
        "deepkit-type-install": "deepkit-type-install.js"
      },
      "peerDependencies": {
        "typescript": "*"
      }
    },
    "node_modules/@deepkit/type-spec": {
      "version": "1.0.19",
      "resolved": "https://registry.npmjs.org/@deepkit/type-spec/-/type-spec-1.0.19.tgz",
      "integrity": "sha512-9IWDQC5ZYmpAETyISt/gN5ZhL7YKNXsV3lrcix+UkJtwGNi0z3/7NTvVlkIv+90SC35kD2yGX1GOLpvSo/WjLw==",
      "license": "MIT"
    },
    "node_modules/@grovekit/control": {
      "resolved": "packages/services/control",
      "link": true
    },
    "node_modules/@grovekit/database": {
      "resolved": "packages/libraries/database",
      "link": true
    },
    "node_modules/@grovekit/gateway-fronius": {
      "resolved": "packages/gateways/fronius",
      "link": true
    },
    "node_modules/@grovekit/homie-client": {
      "resolved": "packages/libraries/homie-client",
      "link": true
    },
    "node_modules/@grovekit/homie-core": {
      "resolved": "packages/libraries/homie-core",
      "link": true
    },
    "node_modules/@grovekit/scribe": {
      "resolved": "packages/services/scribe",
      "link": true
    },
    "node_modules/@grovekit/utils": {
      "resolved": "packages/libraries/utils",
      "link": true
    },
    "node_modules/@hono/node-server": {
      "version": "1.19.5",
      "resolved": "https://registry.npmjs.org/@hono/node-server/-/node-server-1.19.5.tgz",
      "integrity": "sha512-iBuhh+uaaggeAuf+TftcjZyWh2GEgZcVGXkNtskLVoWaXhnJtC5HLHrU8W1KHDoucqO1MswwglmkWLFyiDn4WQ==",
      "license": "MIT",
      "engines": {
        "node": ">=18.14.1"
      },
      "peerDependencies": {
        "hono": "^4"
      }
    },
    "node_modules/@lukeed/csprng": {
      "version": "1.1.0",
      "resolved": "https://registry.npmjs.org/@lukeed/csprng/-/csprng-1.1.0.tgz",
      "integrity": "sha512-Z7C/xXCiGWsg0KuKsHTKJxbWhpI3Vs5GwLfOean7MGyVFGqdRgBbAjOCh6u4bbjPc/8MJ2pZmK/0DLdCbivLDA==",
      "license": "MIT",
      "engines": {
        "node": ">=8"
      }
    },
    "node_modules/@marcj/ts-clone-node": {
      "version": "2.2.0",
      "resolved": "https://registry.npmjs.org/@marcj/ts-clone-node/-/ts-clone-node-2.2.0.tgz",
      "integrity": "sha512-72i531GZWaiHDvNZr0Fz+uiZMMyWzQqJxbhxD5g2dpU3eqEBk6p6mcDNBcOdiNhngAJ5Ebqv2krrs7MwuFg9rw==",
      "dev": true,
      "license": "MIT",
      "dependencies": {
        "compatfactory": "^2.0.9"
      },
      "engines": {
        "node": ">=14.9.0"
      },
      "funding": {
        "type": "github",
        "url": "https://github.com/wessberg/ts-clone-node?sponsor=1"
      }
    },
    "node_modules/@parcel/watcher": {
      "version": "2.5.1",
      "resolved": "https://registry.npmjs.org/@parcel/watcher/-/watcher-2.5.1.tgz",
      "integrity": "sha512-dfUnCxiN9H4ap84DvD2ubjw+3vUNpstxa0TneY/Paat8a3R4uQZDLSvWjmznAY/DoahqTHl9V46HF/Zs3F29pg==",
      "dev": true,
      "hasInstallScript": true,
      "license": "MIT",
      "optional": true,
      "dependencies": {
        "detect-libc": "^1.0.3",
        "is-glob": "^4.0.3",
        "micromatch": "^4.0.5",
        "node-addon-api": "^7.0.0"
      },
      "engines": {
        "node": ">= 10.0.0"
      },
      "funding": {
        "type": "opencollective",
        "url": "https://opencollective.com/parcel"
      },
      "optionalDependencies": {
        "@parcel/watcher-android-arm64": "2.5.1",
        "@parcel/watcher-darwin-arm64": "2.5.1",
        "@parcel/watcher-darwin-x64": "2.5.1",
        "@parcel/watcher-freebsd-x64": "2.5.1",
        "@parcel/watcher-linux-arm-glibc": "2.5.1",
        "@parcel/watcher-linux-arm-musl": "2.5.1",
        "@parcel/watcher-linux-arm64-glibc": "2.5.1",
        "@parcel/watcher-linux-arm64-musl": "2.5.1",
        "@parcel/watcher-linux-x64-glibc": "2.5.1",
        "@parcel/watcher-linux-x64-musl": "2.5.1",
        "@parcel/watcher-win32-arm64": "2.5.1",
        "@parcel/watcher-win32-ia32": "2.5.1",
        "@parcel/watcher-win32-x64": "2.5.1"
      }
    },
    "node_modules/@parcel/watcher-android-arm64": {
      "version": "2.5.1",
      "resolved": "https://registry.npmjs.org/@parcel/watcher-android-arm64/-/watcher-android-arm64-2.5.1.tgz",
      "integrity": "sha512-KF8+j9nNbUN8vzOFDpRMsaKBHZ/mcjEjMToVMJOhTozkDonQFFrRcfdLWn6yWKCmJKmdVxSgHiYvTCef4/qcBA==",
      "cpu": [
        "arm64"
      ],
      "dev": true,
      "license": "MIT",
      "optional": true,
      "os": [
        "android"
      ],
      "engines": {
        "node": ">= 10.0.0"
      },
      "funding": {
        "type": "opencollective",
        "url": "https://opencollective.com/parcel"
      }
    },
    "node_modules/@parcel/watcher-darwin-arm64": {
      "version": "2.5.1",
      "resolved": "https://registry.npmjs.org/@parcel/watcher-darwin-arm64/-/watcher-darwin-arm64-2.5.1.tgz",
      "integrity": "sha512-eAzPv5osDmZyBhou8PoF4i6RQXAfeKL9tjb3QzYuccXFMQU0ruIc/POh30ePnaOyD1UXdlKguHBmsTs53tVoPw==",
      "cpu": [
        "arm64"
      ],
      "dev": true,
      "license": "MIT",
      "optional": true,
      "os": [
        "darwin"
      ],
      "engines": {
        "node": ">= 10.0.0"
      },
      "funding": {
        "type": "opencollective",
        "url": "https://opencollective.com/parcel"
      }
    },
    "node_modules/@parcel/watcher-darwin-x64": {
      "version": "2.5.1",
      "resolved": "https://registry.npmjs.org/@parcel/watcher-darwin-x64/-/watcher-darwin-x64-2.5.1.tgz",
      "integrity": "sha512-1ZXDthrnNmwv10A0/3AJNZ9JGlzrF82i3gNQcWOzd7nJ8aj+ILyW1MTxVk35Db0u91oD5Nlk9MBiujMlwmeXZg==",
      "cpu": [
        "x64"
      ],
      "dev": true,
      "license": "MIT",
      "optional": true,
      "os": [
        "darwin"
      ],
      "engines": {
        "node": ">= 10.0.0"
      },
      "funding": {
        "type": "opencollective",
        "url": "https://opencollective.com/parcel"
      }
    },
    "node_modules/@parcel/watcher-freebsd-x64": {
      "version": "2.5.1",
      "resolved": "https://registry.npmjs.org/@parcel/watcher-freebsd-x64/-/watcher-freebsd-x64-2.5.1.tgz",
      "integrity": "sha512-SI4eljM7Flp9yPuKi8W0ird8TI/JK6CSxju3NojVI6BjHsTyK7zxA9urjVjEKJ5MBYC+bLmMcbAWlZ+rFkLpJQ==",
      "cpu": [
        "x64"
      ],
      "dev": true,
      "license": "MIT",
      "optional": true,
      "os": [
        "freebsd"
      ],
      "engines": {
        "node": ">= 10.0.0"
      },
      "funding": {
        "type": "opencollective",
        "url": "https://opencollective.com/parcel"
      }
    },
    "node_modules/@parcel/watcher-linux-arm-glibc": {
      "version": "2.5.1",
      "resolved": "https://registry.npmjs.org/@parcel/watcher-linux-arm-glibc/-/watcher-linux-arm-glibc-2.5.1.tgz",
      "integrity": "sha512-RCdZlEyTs8geyBkkcnPWvtXLY44BCeZKmGYRtSgtwwnHR4dxfHRG3gR99XdMEdQ7KeiDdasJwwvNSF5jKtDwdA==",
      "cpu": [
        "arm"
      ],
      "dev": true,
      "license": "MIT",
      "optional": true,
      "os": [
        "linux"
      ],
      "engines": {
        "node": ">= 10.0.0"
      },
      "funding": {
        "type": "opencollective",
        "url": "https://opencollective.com/parcel"
      }
    },
    "node_modules/@parcel/watcher-linux-arm-musl": {
      "version": "2.5.1",
      "resolved": "https://registry.npmjs.org/@parcel/watcher-linux-arm-musl/-/watcher-linux-arm-musl-2.5.1.tgz",
      "integrity": "sha512-6E+m/Mm1t1yhB8X412stiKFG3XykmgdIOqhjWj+VL8oHkKABfu/gjFj8DvLrYVHSBNC+/u5PeNrujiSQ1zwd1Q==",
      "cpu": [
        "arm"
      ],
      "dev": true,
      "license": "MIT",
      "optional": true,
      "os": [
        "linux"
      ],
      "engines": {
        "node": ">= 10.0.0"
      },
      "funding": {
        "type": "opencollective",
        "url": "https://opencollective.com/parcel"
      }
    },
    "node_modules/@parcel/watcher-linux-arm64-glibc": {
      "version": "2.5.1",
      "resolved": "https://registry.npmjs.org/@parcel/watcher-linux-arm64-glibc/-/watcher-linux-arm64-glibc-2.5.1.tgz",
      "integrity": "sha512-LrGp+f02yU3BN9A+DGuY3v3bmnFUggAITBGriZHUREfNEzZh/GO06FF5u2kx8x+GBEUYfyTGamol4j3m9ANe8w==",
      "cpu": [
        "arm64"
      ],
      "dev": true,
      "license": "MIT",
      "optional": true,
      "os": [
        "linux"
      ],
      "engines": {
        "node": ">= 10.0.0"
      },
      "funding": {
        "type": "opencollective",
        "url": "https://opencollective.com/parcel"
      }
    },
    "node_modules/@parcel/watcher-linux-arm64-musl": {
      "version": "2.5.1",
      "resolved": "https://registry.npmjs.org/@parcel/watcher-linux-arm64-musl/-/watcher-linux-arm64-musl-2.5.1.tgz",
      "integrity": "sha512-cFOjABi92pMYRXS7AcQv9/M1YuKRw8SZniCDw0ssQb/noPkRzA+HBDkwmyOJYp5wXcsTrhxO0zq1U11cK9jsFg==",
      "cpu": [
        "arm64"
      ],
      "dev": true,
      "license": "MIT",
      "optional": true,
      "os": [
        "linux"
      ],
      "engines": {
        "node": ">= 10.0.0"
      },
      "funding": {
        "type": "opencollective",
        "url": "https://opencollective.com/parcel"
      }
    },
    "node_modules/@parcel/watcher-linux-x64-glibc": {
      "version": "2.5.1",
      "resolved": "https://registry.npmjs.org/@parcel/watcher-linux-x64-glibc/-/watcher-linux-x64-glibc-2.5.1.tgz",
      "integrity": "sha512-GcESn8NZySmfwlTsIur+49yDqSny2IhPeZfXunQi48DMugKeZ7uy1FX83pO0X22sHntJ4Ub+9k34XQCX+oHt2A==",
      "cpu": [
        "x64"
      ],
      "dev": true,
      "license": "MIT",
      "optional": true,
      "os": [
        "linux"
      ],
      "engines": {
        "node": ">= 10.0.0"
      },
      "funding": {
        "type": "opencollective",
        "url": "https://opencollective.com/parcel"
      }
    },
    "node_modules/@parcel/watcher-linux-x64-musl": {
      "version": "2.5.1",
      "resolved": "https://registry.npmjs.org/@parcel/watcher-linux-x64-musl/-/watcher-linux-x64-musl-2.5.1.tgz",
      "integrity": "sha512-n0E2EQbatQ3bXhcH2D1XIAANAcTZkQICBPVaxMeaCVBtOpBZpWJuf7LwyWPSBDITb7In8mqQgJ7gH8CILCURXg==",
      "cpu": [
        "x64"
      ],
      "dev": true,
      "license": "MIT",
      "optional": true,
      "os": [
        "linux"
      ],
      "engines": {
        "node": ">= 10.0.0"
      },
      "funding": {
        "type": "opencollective",
        "url": "https://opencollective.com/parcel"
      }
    },
    "node_modules/@parcel/watcher-win32-arm64": {
      "version": "2.5.1",
      "resolved": "https://registry.npmjs.org/@parcel/watcher-win32-arm64/-/watcher-win32-arm64-2.5.1.tgz",
      "integrity": "sha512-RFzklRvmc3PkjKjry3hLF9wD7ppR4AKcWNzH7kXR7GUe0Igb3Nz8fyPwtZCSquGrhU5HhUNDr/mKBqj7tqA2Vw==",
      "cpu": [
        "arm64"
      ],
      "dev": true,
      "license": "MIT",
      "optional": true,
      "os": [
        "win32"
      ],
      "engines": {
        "node": ">= 10.0.0"
      },
      "funding": {
        "type": "opencollective",
        "url": "https://opencollective.com/parcel"
      }
    },
    "node_modules/@parcel/watcher-win32-ia32": {
      "version": "2.5.1",
      "resolved": "https://registry.npmjs.org/@parcel/watcher-win32-ia32/-/watcher-win32-ia32-2.5.1.tgz",
      "integrity": "sha512-c2KkcVN+NJmuA7CGlaGD1qJh1cLfDnQsHjE89E60vUEMlqduHGCdCLJCID5geFVM0dOtA3ZiIO8BoEQmzQVfpQ==",
      "cpu": [
        "ia32"
      ],
      "dev": true,
      "license": "MIT",
      "optional": true,
      "os": [
        "win32"
      ],
      "engines": {
        "node": ">= 10.0.0"
      },
      "funding": {
        "type": "opencollective",
        "url": "https://opencollective.com/parcel"
      }
    },
    "node_modules/@parcel/watcher-win32-x64": {
      "version": "2.5.1",
      "resolved": "https://registry.npmjs.org/@parcel/watcher-win32-x64/-/watcher-win32-x64-2.5.1.tgz",
      "integrity": "sha512-9lHBdJITeNR++EvSQVUcaZoWupyHfXe1jZvGZ06O/5MflPcuPLtEphScIBL+AiCWBO46tDSHzWyD0uDmmZqsgA==",
      "cpu": [
        "x64"
      ],
      "dev": true,
      "license": "MIT",
      "optional": true,
      "os": [
        "win32"
      ],
      "engines": {
        "node": ">= 10.0.0"
      },
      "funding": {
        "type": "opencollective",
        "url": "https://opencollective.com/parcel"
      }
    },
    "node_modules/@rollup/pluginutils": {
      "version": "5.3.0",
      "resolved": "https://registry.npmjs.org/@rollup/pluginutils/-/pluginutils-5.3.0.tgz",
      "integrity": "sha512-5EdhGZtnu3V88ces7s53hhfK5KSASnJZv8Lulpc04cWO3REESroJXg73DFsOmgbU2BhwV0E20bu2IDZb3VKW4Q==",
      "dev": true,
      "license": "MIT",
      "dependencies": {
        "@types/estree": "^1.0.0",
        "estree-walker": "^2.0.2",
        "picomatch": "^4.0.2"
      },
      "engines": {
        "node": ">=14.0.0"
      },
      "peerDependencies": {
        "rollup": "^1.20.0||^2.0.0||^3.0.0||^4.0.0"
      },
      "peerDependenciesMeta": {
        "rollup": {
          "optional": true
        }
      }
    },
    "node_modules/@seriousme/opifex": {
      "version": "1.11.0",
      "resolved": "https://registry.npmjs.org/@seriousme/opifex/-/opifex-1.11.0.tgz",
      "integrity": "sha512-Gix8LVlwOHh/YNPmDgDbbnYHXOYcan+sDITMYR4VeUjBZInZrooKEsO39VYpYTQVkc4PsDfhWWUyxrX0oLbioQ==",
      "license": "MIT",
      "bin": {
        "demoServer": "dist/bin/demoServer.js",
        "mqtt": "dist/bin/mqtt.js"
      }
    },
    "node_modules/@types/debug": {
      "version": "4.1.12",
      "resolved": "https://registry.npmjs.org/@types/debug/-/debug-4.1.12.tgz",
      "integrity": "sha512-vIChWdVG3LG1SMxEvI/AK+FWJthlrqlTu7fbrlywTkkaONwk/UAGaULXRlf8vkzFBLVm0zkMdCquhL5aOjhXPQ==",
      "dev": true,
      "license": "MIT",
      "dependencies": {
        "@types/ms": "*"
      }
    },
    "node_modules/@types/estree": {
      "version": "1.0.8",
      "resolved": "https://registry.npmjs.org/@types/estree/-/estree-1.0.8.tgz",
      "integrity": "sha512-dWHzHa2WqEXI/O1E9OjrocMTKJl2mSrEolh1Iomrv6U+JuNwaHXsXx9bLu5gG7BUWFIN0skIQJQ/L1rIex4X6w==",
      "dev": true,
      "license": "MIT"
    },
    "node_modules/@types/ms": {
      "version": "2.1.0",
      "resolved": "https://registry.npmjs.org/@types/ms/-/ms-2.1.0.tgz",
      "integrity": "sha512-GsCCIZDE/p3i96vtEqx+7dBUGXrc7zeSK3wwPHIaRThS+9OhWIXRqzs4d6k1SVU8g91DrNRWxWUGhp5KXQb2VA==",
      "dev": true,
      "license": "MIT"
    },
    "node_modules/@types/node": {
      "version": "24.6.2",
      "resolved": "https://registry.npmjs.org/@types/node/-/node-24.6.2.tgz",
      "integrity": "sha512-d2L25Y4j+W3ZlNAeMKcy7yDsK425ibcAOO2t7aPTz6gNMH0z2GThtwENCDc0d/Pw9wgyRqE5Px1wkV7naz8ang==",
      "dev": true,
      "license": "MIT",
      "dependencies": {
        "undici-types": "~7.13.0"
      }
    },
    "node_modules/@types/uuid": {
      "version": "8.3.4",
      "resolved": "https://registry.npmjs.org/@types/uuid/-/uuid-8.3.4.tgz",
      "integrity": "sha512-c/I8ZRb51j+pYGAu5CrFMRxqZ2ke4y2grEBO5AUjgSkSk+qT2Ea+OdWElz/OiMf5MNpn2b17kuVBwZLQJXzihw==",
      "license": "MIT"
    },
    "node_modules/@typescript/vfs": {
      "version": "1.5.0",
      "resolved": "https://registry.npmjs.org/@typescript/vfs/-/vfs-1.5.0.tgz",
      "integrity": "sha512-AJS307bPgbsZZ9ggCT3wwpg3VbTKMFNHfaY/uF0ahSkYYrPF2dSSKDNIDIQAHm9qJqbLvCsSJH7yN4Vs/CsMMg==",
      "dev": true,
      "license": "MIT",
      "dependencies": {
        "debug": "^4.1.1"
      }
    },
    "node_modules/base64-js": {
      "version": "1.5.1",
      "resolved": "https://registry.npmjs.org/base64-js/-/base64-js-1.5.1.tgz",
      "integrity": "sha512-AKpaYlHn8t4SVbOHCy+b5+KKgvR4vrsD8vbvrbiQJps7fKDTkjkDry6ji0rUJjC0kzbNePLwzxq8iypo41qeWA==",
      "funding": [
        {
          "type": "github",
          "url": "https://github.com/sponsors/feross"
        },
        {
          "type": "patreon",
          "url": "https://www.patreon.com/feross"
        },
        {
          "type": "consulting",
          "url": "https://feross.org/support"
        }
      ],
      "license": "MIT"
    },
    "node_modules/braces": {
      "version": "3.0.3",
      "resolved": "https://registry.npmjs.org/braces/-/braces-3.0.3.tgz",
      "integrity": "sha512-yQbXgO/OSZVD2IsiLlro+7Hf6Q18EJrKSEsdoMzKePKXct3gvD8oLcOQdIzGupr5Fj+EDe8gO/lxc1BzfMpxvA==",
      "dev": true,
      "license": "MIT",
      "dependencies": {
        "fill-range": "^7.1.1"
      },
      "engines": {
        "node": ">=8"
      }
    },
    "node_modules/buffer": {
      "version": "5.7.1",
      "resolved": "https://registry.npmjs.org/buffer/-/buffer-5.7.1.tgz",
      "integrity": "sha512-EHcyIPBQ4BSGlvjB16k5KgAJ27CIsHY/2JBmCRReo48y9rQ3MaUzWX3KVlBa4U7MyX02HdVj0K7C3WaB3ju7FQ==",
      "funding": [
        {
          "type": "github",
          "url": "https://github.com/sponsors/feross"
        },
        {
          "type": "patreon",
          "url": "https://www.patreon.com/feross"
        },
        {
          "type": "consulting",
          "url": "https://feross.org/support"
        }
      ],
      "license": "MIT",
      "dependencies": {
        "base64-js": "^1.3.1",
        "ieee754": "^1.1.13"
      }
    },
    "node_modules/chokidar": {
      "version": "4.0.3",
      "resolved": "https://registry.npmjs.org/chokidar/-/chokidar-4.0.3.tgz",
      "integrity": "sha512-Qgzu8kfBvo+cA4962jnP1KkS6Dop5NS6g7R5LFYJr4b8Ub94PPQXUksCw9PvXoeXPRRddRNC5C1JQUR2SMGtnA==",
      "dev": true,
      "license": "MIT",
      "dependencies": {
        "readdirp": "^4.0.1"
      },
      "engines": {
        "node": ">= 14.16.0"
      },
      "funding": {
        "url": "https://paulmillr.com/funding/"
      }
    },
    "node_modules/compatfactory": {
      "version": "2.0.9",
      "resolved": "https://registry.npmjs.org/compatfactory/-/compatfactory-2.0.9.tgz",
      "integrity": "sha512-fvO+AWcmbO7P1S+A3mwm3IGr74eHMeq5ZLhNhyNQc9mVDNHT4oe0Gg0ksdIFFNXLK7k7Z/TYcLAUSQdRgh1bsA==",
      "dev": true,
      "license": "MIT",
      "dependencies": {
        "helpertypes": "^0.0.19"
      },
      "engines": {
        "node": ">=14.9.0"
      },
      "peerDependencies": {
        "typescript": ">=3.x || >= 4.x"
      }
    },
    "node_modules/csv-stringify": {
      "version": "6.6.0",
      "resolved": "https://registry.npmjs.org/csv-stringify/-/csv-stringify-6.6.0.tgz",
      "integrity": "sha512-YW32lKOmIBgbxtu3g5SaiqWNwa/9ISQt2EcgOq0+RAIFufFp9is6tqNnKahqE5kuKvrnYAzs28r+s6pXJR8Vcw==",
      "license": "MIT"
    },
    "node_modules/date-fns": {
      "version": "4.1.0",
      "resolved": "https://registry.npmjs.org/date-fns/-/date-fns-4.1.0.tgz",
      "integrity": "sha512-Ukq0owbQXxa/U3EGtsdVBkR1w7KOQ5gIBqdH2hkvknzZPYvBxb/aa6E8L7tmjFtkwZBu3UXBbjIgPo/Ez4xaNg==",
      "license": "MIT",
      "funding": {
        "type": "github",
        "url": "https://github.com/sponsors/kossnocorp"
      }
    },
    "node_modules/date-fns-tz": {
      "version": "3.2.0",
      "resolved": "https://registry.npmjs.org/date-fns-tz/-/date-fns-tz-3.2.0.tgz",
      "integrity": "sha512-sg8HqoTEulcbbbVXeg84u5UnlsQa8GS5QXMqjjYIhS4abEVVKIUwe0/l/UhrZdKaL/W5eWZNlbTeEIiOXTcsBQ==",
      "license": "MIT",
      "peerDependencies": {
        "date-fns": "^3.0.0 || ^4.0.0"
      }
    },
    "node_modules/debug": {
      "version": "4.4.3",
      "resolved": "https://registry.npmjs.org/debug/-/debug-4.4.3.tgz",
      "integrity": "sha512-RGwwWnwQvkVfavKVt22FGLw+xYSdzARwm0ru6DhTVA3umU5hZc28V3kO4stgYryrTlLpuvgI9GiijltAjNbcqA==",
      "license": "MIT",
      "dependencies": {
        "ms": "^2.1.3"
      },
      "engines": {
        "node": ">=6.0"
      },
      "peerDependenciesMeta": {
        "supports-color": {
          "optional": true
        }
      }
    },
    "node_modules/detect-libc": {
      "version": "1.0.3",
      "resolved": "https://registry.npmjs.org/detect-libc/-/detect-libc-1.0.3.tgz",
      "integrity": "sha512-pGjwhsmsp4kL2RTz08wcOlGN83otlqHeD/Z5T8GXZB+/YcpQ/dgo+lbU8ZsGxV0HIvqqxo9l7mqYwyYMD9bKDg==",
      "dev": true,
      "license": "Apache-2.0",
      "optional": true,
      "bin": {
        "detect-libc": "bin/detect-libc.js"
      },
      "engines": {
        "node": ">=0.10"
      }
    },
    "node_modules/dot-prop": {
      "version": "5.3.0",
      "resolved": "https://registry.npmjs.org/dot-prop/-/dot-prop-5.3.0.tgz",
      "integrity": "sha512-QM8q3zDe58hqUqjraQOmzZ1LIH9SWQJTlEKCH4kJ2oQvLZk7RbQXvtDM2XEq3fwkV9CCvvH4LA0AV+ogFsBM2Q==",
      "license": "MIT",
      "peer": true,
      "dependencies": {
        "is-obj": "^2.0.0"
      },
      "engines": {
        "node": ">=8"
      }
    },
    "node_modules/estree-walker": {
      "version": "2.0.2",
      "resolved": "https://registry.npmjs.org/estree-walker/-/estree-walker-2.0.2.tgz",
      "integrity": "sha512-Rfkk/Mp/DL7JVje3u18FxFujQlTNR2q6QfMSMB7AvCBx91NGj/ba3kCfza0f6dVDbw7YlRf/nDrn7pQrCCyQ/w==",
      "dev": true,
      "license": "MIT"
    },
    "node_modules/failerr": {
      "version": "0.1.1",
      "resolved": "https://registry.npmjs.org/failerr/-/failerr-0.1.1.tgz",
      "integrity": "sha512-O5rPaqqEa4aGdm4qSXnQjaQl5H5u7OhyQJexI0NpDLw7iZfWMfkfzp5Jlq33M1bqxNhnibq2aLyCNx0MSGx1Zw==",
      "license": "MIT"
    },
    "node_modules/fill-range": {
      "version": "7.1.1",
      "resolved": "https://registry.npmjs.org/fill-range/-/fill-range-7.1.1.tgz",
      "integrity": "sha512-YsGpe3WHLK8ZYi4tWDg2Jy3ebRz2rXowDxnld4bkQB00cc/1Zw9AWnC0i9ztDJitivtQvaI9KaLyKrc+hBW0yg==",
      "dev": true,
      "license": "MIT",
      "dependencies": {
        "to-regex-range": "^5.0.1"
      },
      "engines": {
        "node": ">=8"
      }
    },
    "node_modules/get-tsconfig": {
      "version": "4.10.1",
      "resolved": "https://registry.npmjs.org/get-tsconfig/-/get-tsconfig-4.10.1.tgz",
      "integrity": "sha512-auHyJ4AgMz7vgS8Hp3N6HXSmlMdUyhSUrfBF16w153rxtLIEOE+HGqaBppczZvnHLqQJfiHotCYpNhl0lUROFQ==",
      "dev": true,
      "license": "MIT",
      "dependencies": {
        "resolve-pkg-maps": "^1.0.0"
      },
      "funding": {
        "url": "https://github.com/privatenumber/get-tsconfig?sponsor=1"
      }
    },
    "node_modules/helpertypes": {
      "version": "0.0.19",
      "resolved": "https://registry.npmjs.org/helpertypes/-/helpertypes-0.0.19.tgz",
      "integrity": "sha512-J00e55zffgi3yVnUp0UdbMztNkr2PnizEkOe9URNohnrNhW5X0QpegkuLpOmFQInpi93Nb8MCjQRHAiCDF42NQ==",
      "dev": true,
      "license": "MIT",
      "engines": {
        "node": ">=10.0.0"
      }
    },
    "node_modules/hono": {
      "version": "4.9.9",
      "resolved": "https://registry.npmjs.org/hono/-/hono-4.9.9.tgz",
      "integrity": "sha512-Hxw4wT6zjJGZJdkJzAx9PyBdf7ZpxaTSA0NfxqjLghwMrLBX8p33hJBzoETRakF3UJu6OdNQBZAlNSkGqKFukw==",
      "license": "MIT",
      "engines": {
        "node": ">=16.9.0"
      }
    },
    "node_modules/ieee754": {
      "version": "1.2.1",
      "resolved": "https://registry.npmjs.org/ieee754/-/ieee754-1.2.1.tgz",
      "integrity": "sha512-dcyqhDvX1C46lXZcVqCpK+FtMRQVdIMN6/Df5js2zouUsqG7I6sFxitIC+7KYK29KdXOLHdu9zL4sFnoVQnqaA==",
      "funding": [
        {
          "type": "github",
          "url": "https://github.com/sponsors/feross"
        },
        {
          "type": "patreon",
          "url": "https://www.patreon.com/feross"
        },
        {
          "type": "consulting",
          "url": "https://feross.org/support"
        }
      ],
      "license": "BSD-3-Clause"
    },
    "node_modules/immutable": {
      "version": "5.1.3",
      "resolved": "https://registry.npmjs.org/immutable/-/immutable-5.1.3.tgz",
      "integrity": "sha512-+chQdDfvscSF1SJqv2gn4SRO2ZyS3xL3r7IW/wWEEzrzLisnOlKiQu5ytC/BVNcS15C39WT2Hg/bjKjDMcu+zg==",
      "dev": true,
      "license": "MIT"
    },
    "node_modules/is-extglob": {
      "version": "2.1.1",
      "resolved": "https://registry.npmjs.org/is-extglob/-/is-extglob-2.1.1.tgz",
      "integrity": "sha512-SbKbANkN603Vi4jEZv49LeVJMn4yGwsbzZworEoyEiutsN3nJYdbO36zfhGJ6QEDpOZIFkDtnq5JRxmvl3jsoQ==",
      "dev": true,
      "license": "MIT",
      "optional": true,
      "engines": {
        "node": ">=0.10.0"
      }
    },
    "node_modules/is-glob": {
      "version": "4.0.3",
      "resolved": "https://registry.npmjs.org/is-glob/-/is-glob-4.0.3.tgz",
      "integrity": "sha512-xelSayHH36ZgE7ZWhli7pW34hNbNl8Ojv5KVmkJD4hBdD3th8Tfk9vYasLM+mXWOZhFkgZfxhLSnrwRr4elSSg==",
      "dev": true,
      "license": "MIT",
      "optional": true,
      "dependencies": {
        "is-extglob": "^2.1.1"
      },
      "engines": {
        "node": ">=0.10.0"
      }
    },
    "node_modules/is-number": {
      "version": "7.0.0",
      "resolved": "https://registry.npmjs.org/is-number/-/is-number-7.0.0.tgz",
      "integrity": "sha512-41Cifkg6e8TylSpdtTpeLVMqvSBEVzTttHvERD741+pnZ8ANv0004MRL43QKPDlK9cGvNp6NZWZUBlbGXYxxng==",
      "dev": true,
      "license": "MIT",
      "engines": {
        "node": ">=0.12.0"
      }
    },
    "node_modules/is-obj": {
      "version": "2.0.0",
      "resolved": "https://registry.npmjs.org/is-obj/-/is-obj-2.0.0.tgz",
      "integrity": "sha512-drqDG3cbczxxEJRoOXcOjtdp1J/lyp1mNn0xaznRs8+muBhgQcrnbspox5X5fOw0HnMnbfDzvnEMEtqDEJEo8w==",
      "license": "MIT",
      "peer": true,
      "engines": {
        "node": ">=8"
      }
    },
    "node_modules/kysely": {
      "version": "0.28.7",
      "resolved": "https://registry.npmjs.org/kysely/-/kysely-0.28.7.tgz",
      "integrity": "sha512-u/cAuTL4DRIiO2/g4vNGRgklEKNIj5Q3CG7RoUB5DV5SfEC2hMvPxKi0GWPmnzwL2ryIeud2VTcEEmqzTzEPNw==",
      "license": "MIT",
      "engines": {
        "node": ">=20.0.0"
      }
    },
    "node_modules/kysely-postgres-js": {
      "version": "2.0.0",
      "resolved": "https://registry.npmjs.org/kysely-postgres-js/-/kysely-postgres-js-2.0.0.tgz",
      "integrity": "sha512-R1tWx6/x3tSatWvsmbHJxpBZYhNNxcnMw52QzZaHKg7ZOWtHib4iZyEaw4gb2hNKVctWQ3jfMxZT/ZaEMK6kBQ==",
      "license": "MIT",
      "peerDependencies": {
        "kysely": ">= 0.24.0 < 1",
        "postgres": ">= 3.4.0 < 4"
      }
    },
    "node_modules/loopyloop": {
      "version": "4.0.2",
      "resolved": "https://registry.npmjs.org/loopyloop/-/loopyloop-4.0.2.tgz",
      "integrity": "sha512-isQnWuU//egducIOxojeDAzWbCl0NsAlDzIRgA3v0hvdnxc9C4pbIW5l9WerkfIJ9q7XiFiH8VsCX59jUUQQSw==",
      "license": "MIT"
    },
    "node_modules/lru-cache": {
      "version": "11.2.2",
      "resolved": "https://registry.npmjs.org/lru-cache/-/lru-cache-11.2.2.tgz",
      "integrity": "sha512-F9ODfyqML2coTIsQpSkRHnLSZMtkU8Q+mSfcaIyKwy58u+8k5nvAYeiNhsyMARvzNcXJ9QfWVrcPsC9e9rAxtg==",
      "license": "ISC",
      "engines": {
        "node": "20 || >=22"
      }
    },
    "node_modules/lz-string": {
      "version": "1.5.0",
      "resolved": "https://registry.npmjs.org/lz-string/-/lz-string-1.5.0.tgz",
      "integrity": "sha512-h5bgJWpxJNswbU7qCrV0tIKQCaS3blPDrqKWx+QxzuzL1zGUzij9XCWLrSLsJPu5t+eWA/ycetzYAO5IOMcWAQ==",
      "dev": true,
      "license": "MIT",
      "bin": {
        "lz-string": "bin/bin.js"
      }
    },
    "node_modules/micromatch": {
      "version": "4.0.8",
      "resolved": "https://registry.npmjs.org/micromatch/-/micromatch-4.0.8.tgz",
      "integrity": "sha512-PXwfBhYu0hBCPw8Dn0E+WDYb7af3dSLVWKi3HGv84IdF4TyFoC0ysxFd0Goxw7nSv4T/PzEJQxsYsEiFCKo2BA==",
      "dev": true,
      "license": "MIT",
      "dependencies": {
        "braces": "^3.0.3",
        "picomatch": "^2.3.1"
      },
      "engines": {
        "node": ">=8.6"
      }
    },
    "node_modules/micromatch/node_modules/picomatch": {
      "version": "2.3.1",
      "resolved": "https://registry.npmjs.org/picomatch/-/picomatch-2.3.1.tgz",
      "integrity": "sha512-JU3teHTNjmE2VCGFzuY8EXzCDVwEqB2a8fsIvwaStHhAWJEeVd1o1QD80CU6+ZdEXXSLbSsuLwJjkCBWqRQUVA==",
      "dev": true,
      "license": "MIT",
      "engines": {
        "node": ">=8.6"
      },
      "funding": {
        "url": "https://github.com/sponsors/jonschlinkert"
      }
    },
    "node_modules/ms": {
      "version": "2.1.3",
      "resolved": "https://registry.npmjs.org/ms/-/ms-2.1.3.tgz",
      "integrity": "sha512-6FlzubTLZG3J2a/NVCAleEhjzq5oxgHyaCU9yYXvcLsvoVaHJq/s5xXI6/XXP6tz7R9xAOtHnSO/tXtF3WRTlA==",
      "license": "MIT"
    },
    "node_modules/node-addon-api": {
      "version": "7.1.1",
      "resolved": "https://registry.npmjs.org/node-addon-api/-/node-addon-api-7.1.1.tgz",
      "integrity": "sha512-5m3bsyrjFWE1xf7nz7YXdN4udnVtXK6/Yfgn5qnahL6bCkf2yKt4k3nuTKAtT4r3IG8JNR2ncsIMdZuAzJjHQQ==",
      "dev": true,
      "license": "MIT",
      "optional": true
    },
    "node_modules/picomatch": {
      "version": "4.0.3",
      "resolved": "https://registry.npmjs.org/picomatch/-/picomatch-4.0.3.tgz",
      "integrity": "sha512-5gTmgEY/sqK6gFXLIsQNH19lWb4ebPDLA4SdLP7dsWkIXHWlG66oPuVvXSGFPppYZz8ZDZq0dYYrbHfBCVUb1Q==",
      "dev": true,
      "license": "MIT",
      "engines": {
        "node": ">=12"
      },
      "funding": {
        "url": "https://github.com/sponsors/jonschlinkert"
      }
    },
    "node_modules/pinetto": {
      "version": "4.0.0",
      "resolved": "https://registry.npmjs.org/pinetto/-/pinetto-4.0.0.tgz",
      "integrity": "sha512-/gTFwkOiX6Ra+qrqkFBY84m/CJcKr0kFEDJX2SvTPAInFhWSIUt/kW/Keadrt5aAKshrBuueKun/J+fJQYdSfw==",
      "license": "MIT"
    },
    "node_modules/postgres": {
      "version": "3.4.7",
      "resolved": "https://registry.npmjs.org/postgres/-/postgres-3.4.7.tgz",
      "integrity": "sha512-Jtc2612XINuBjIl/QTWsV5UvE8UHuNblcO3vVADSrKsrc6RqGX6lOW1cEo3CM2v0XG4Nat8nI+YM7/f26VxXLw==",
      "license": "Unlicense",
      "engines": {
        "node": ">=12"
      },
      "funding": {
        "type": "individual",
        "url": "https://github.com/sponsors/porsager"
      }
    },
    "node_modules/readdirp": {
      "version": "4.1.2",
      "resolved": "https://registry.npmjs.org/readdirp/-/readdirp-4.1.2.tgz",
      "integrity": "sha512-GDhwkLfywWL2s6vEjyhri+eXmfH6j1L7JE27WhqLeYzoh/A3DBaYGEj2H/HFZCn/kMfim73FXxEJTw06WtxQwg==",
      "dev": true,
      "license": "MIT",
      "engines": {
        "node": ">= 14.18.0"
      },
      "funding": {
        "type": "individual",
        "url": "https://paulmillr.com/funding/"
      }
    },
    "node_modules/resolve-pkg-maps": {
      "version": "1.0.0",
      "resolved": "https://registry.npmjs.org/resolve-pkg-maps/-/resolve-pkg-maps-1.0.0.tgz",
      "integrity": "sha512-seS2Tj26TBVOC2NIc2rOe2y2ZO7efxITtLZcGSOnHHNOQ7CkiUBfw0Iw2ck6xkIhPwLhKNLS8BO+hEpngQlqzw==",
      "dev": true,
      "license": "MIT",
      "funding": {
        "url": "https://github.com/privatenumber/resolve-pkg-maps?sponsor=1"
      }
    },
    "node_modules/sass": {
      "version": "1.93.2",
      "resolved": "https://registry.npmjs.org/sass/-/sass-1.93.2.tgz",
      "integrity": "sha512-t+YPtOQHpGW1QWsh1CHQ5cPIr9lbbGZLZnbihP/D/qZj/yuV68m8qarcV17nvkOX81BCrvzAlq2klCQFZghyTg==",
      "dev": true,
      "license": "MIT",
      "dependencies": {
        "chokidar": "^4.0.0",
        "immutable": "^5.0.2",
        "source-map-js": ">=0.6.2 <2.0.0"
      },
      "bin": {
        "sass": "sass.js"
      },
      "engines": {
        "node": ">=14.0.0"
      },
      "optionalDependencies": {
        "@parcel/watcher": "^2.4.1"
      }
    },
    "node_modules/source-map-js": {
      "version": "1.2.1",
      "resolved": "https://registry.npmjs.org/source-map-js/-/source-map-js-1.2.1.tgz",
      "integrity": "sha512-UXWMKhLOwVKb728IUtQPXxfYU+usdybtUrK/8uGE8CQMvrhOpwvzDBwj0QhSL7MQc7vIsISBG8VQ8+IDQxpfQA==",
      "dev": true,
      "license": "BSD-3-Clause",
      "engines": {
        "node": ">=0.10.0"
      }
    },
    "node_modules/strip-json-comments": {
      "version": "3.1.1",
      "resolved": "https://registry.npmjs.org/strip-json-comments/-/strip-json-comments-3.1.1.tgz",
      "integrity": "sha512-6fPc+R4ihwqP6N/aIv2f1gMH8lOVtWQHoqC4yK6oSDVVocumAsfCqjkXnqiYMhmMwS/mEHLp7Vehlt3ql6lEig==",
      "dev": true,
      "license": "MIT",
      "engines": {
        "node": ">=8"
      },
      "funding": {
        "url": "https://github.com/sponsors/sindresorhus"
      }
    },
    "node_modules/to-fast-properties": {
      "version": "3.0.1",
      "resolved": "https://registry.npmjs.org/to-fast-properties/-/to-fast-properties-3.0.1.tgz",
      "integrity": "sha512-/wtNi1tW1F3nf0OL6AqVxGw9Tr1ET70InMhJuVxPwFdGqparF0nQ4UWGLf2DsoI2bFDtthlBnALncZpUzOnsUw==",
      "license": "MIT",
      "peer": true,
      "engines": {
        "node": ">=8"
      },
      "funding": {
        "url": "https://github.com/sponsors/sindresorhus"
      }
    },
    "node_modules/to-regex-range": {
      "version": "5.0.1",
      "resolved": "https://registry.npmjs.org/to-regex-range/-/to-regex-range-5.0.1.tgz",
      "integrity": "sha512-65P7iz6X5yEr1cwcgvQxbbIw7Uk3gOy5dIdtZ4rDveLqhrdJP+Li/Hx6tyK0NEb+2GCyneCMJiGqrADCSNk8sQ==",
      "dev": true,
      "license": "MIT",
      "dependencies": {
        "is-number": "^7.0.0"
      },
      "engines": {
        "node": ">=8.0"
      }
    },
    "node_modules/typescript": {
      "version": "5.9.3",
      "resolved": "https://registry.npmjs.org/typescript/-/typescript-5.9.3.tgz",
      "integrity": "sha512-jl1vZzPDinLr9eUt3J/t7V6FgNEw9QjvBPdysz9KfQDD41fQrC2Y4vKQdiaUpFT4bXlb1RHhLpp8wtm6M5TgSw==",
      "dev": true,
      "license": "Apache-2.0",
      "bin": {
        "tsc": "bin/tsc",
        "tsserver": "bin/tsserver"
      },
      "engines": {
        "node": ">=14.17"
      }
    },
    "node_modules/uid": {
      "version": "2.0.2",
      "resolved": "https://registry.npmjs.org/uid/-/uid-2.0.2.tgz",
      "integrity": "sha512-u3xV3X7uzvi5b1MncmZo3i2Aw222Zk1keqLA1YkHldREkAhAqi65wuPfe7lHx8H/Wzy+8CE7S7uS3jekIM5s8g==",
      "license": "MIT",
      "dependencies": {
        "@lukeed/csprng": "^1.0.0"
      },
      "engines": {
        "node": ">=8"
      }
    },
    "node_modules/undici-types": {
      "version": "7.13.0",
      "resolved": "https://registry.npmjs.org/undici-types/-/undici-types-7.13.0.tgz",
      "integrity": "sha512-Ov2Rr9Sx+fRgagJ5AX0qvItZG/JKKoBRAVITs1zk7IqZGTJUwgUr7qoYBpWwakpWilTZFM98rG/AFRocu10iIQ==",
      "dev": true,
      "license": "MIT"
    },
    "node_modules/uuid": {
      "version": "8.3.2",
      "resolved": "https://registry.npmjs.org/uuid/-/uuid-8.3.2.tgz",
      "integrity": "sha512-+NYs2QeMWy+GWFOEm9xnn6HCDp0l7QBD7ml8zLUmJ+93Q5NF0NocErnwkTkXVFNiX3/fpC6afS8Dhb/gz7R7eg==",
      "license": "MIT",
      "bin": {
        "uuid": "dist/bin/uuid"
      }
    },
    "node_modules/yurl": {
      "version": "4.0.1",
      "resolved": "https://registry.npmjs.org/yurl/-/yurl-4.0.1.tgz",
      "integrity": "sha512-n525LX/fJnmHyaijfgRseL225Etwd1GlWYaE4PFuX/JVFRA/Y7L/weSQzjVRVefonV0spVmZPwLVaoxnKNV3YQ==",
      "license": "MIT",
      "engines": {
        "node": ">= 12.0.0"
      }
    },
    "packages/gateways/fronius": {
      "name": "@grovekit/gateway-fronius",
      "version": "0.0.1",
      "license": "ISC",
      "dependencies": {
        "@deepkit/type": "^1.0.15",
        "@grovekit/homie-client": "^0.0.1",
        "@grovekit/homie-core": "^0.0.1",
        "loopyloop": "^4.0.2",
        "pinetto": "^4.0.0"
      }
    },
    "packages/libraries/database": {
      "name": "@grovekit/database",
      "version": "0.0.1",
      "license": "ISC",
      "dependencies": {
        "@deepkit/type": "^1.0.15",
        "@grovekit/homie-core": "^0.0.1",
        "@grovekit/utils": "^0.0.1",
        "kysely": "^0.28.5",
        "kysely-postgres-js": "^2.0.0",
        "postgres": "^3.4.7"
      },
      "bin": {
        "gk-db-drop": "dist/bin/db-drop.js",
        "gk-db-migrate": "dist/bin/db-migrate.js"
      }
    },
    "packages/libraries/homie-client": {
      "name": "@grovekit/homie-client",
      "version": "0.0.1",
      "license": "ISC",
      "dependencies": {
        "@deepkit/type": "^1.0.15",
        "@grovekit/homie-core": "^0.0.1",
        "@seriousme/opifex": "^1.11.0",
        "debug": "^4.4.1"
      },
      "devDependencies": {
        "@types/debug": "^4.1.12"
      }
    },
    "packages/libraries/homie-core": {
      "name": "@grovekit/homie-core",
      "version": "0.0.1",
      "license": "ISC",
      "dependencies": {
        "@deepkit/type": "^1.0.15"
      }
    },
    "packages/libraries/utils": {
      "name": "@grovekit/utils",
      "version": "0.0.1",
      "license": "ISC",
      "dependencies": {
        "@deepkit/type": "^1.0.15",
        "date-fns": "^4.1.0",
        "date-fns-tz": "^3.2.0",
        "failerr": "^0.1.1",
        "pinetto": "^4.0.0",
        "uid": "^2.0.2"
      }
    },
    "packages/services/control": {
      "name": "@grovekit/control",
      "version": "1.0.0",
      "license": "ISC",
      "dependencies": {
        "@deepkit/type": "^1.0.15",
        "@grovekit/homie-core": "^0.0.1",
        "@hono/node-server": "^1.19.0",
        "csv-stringify": "^6.6.0",
        "date-fns": "^4.1.0",
        "date-fns-tz": "^3.2.0",
        "debug": "^4.4.1",
        "hono": "^4.9.4",
        "loopyloop": "^4.0.2",
        "pinetto": "^4.0.0",
        "uid": "^2.0.2",
        "yurl": "^4.0.1"
      },
      "devDependencies": {
        "sass": "^1.91.0"
      }
    },
    "packages/services/scribe": {
      "name": "@grovekit/scribe",
      "version": "1.0.0",
      "license": "ISC",
      "dependencies": {
        "@grovekit/database": "^0.0.1",
        "@grovekit/homie-client": "^0.0.1",
        "@grovekit/homie-core": "^0.0.1",
        "lru-cache": "^11.1.0"
      }
    }
  }
}
